# This file is automatically @generated by Poetry 1.4.2 and should not be changed by hand.

[[package]]
name = "nodeenv"
version = "1.8.0"
description = "Node.js virtual environment builder"
category = "dev"
optional = false
python-versions = ">=2.7,!=3.0.*,!=3.1.*,!=3.2.*,!=3.3.*,!=3.4.*,!=3.5.*,!=3.6.*"
files = [
    {file = "nodeenv-1.8.0-py2.py3-none-any.whl", hash = "sha256:df865724bb3c3adc86b3876fa209771517b0cfe596beff01a92700e0e8be4cec"},
    {file = "nodeenv-1.8.0.tar.gz", hash = "sha256:d51e0c37e64fbf47d017feac3145cdbb58836d7eee8c6f6d3b6880c5456227d2"},
]

[package.dependencies]
setuptools = "*"

[[package]]
name = "pillow"
version = "10.3.0"
description = "Python Imaging Library (Fork)"
category = "main"
optional = false
python-versions = ">=3.8"
files = [
    {file = "pillow-10.3.0-cp310-cp310-macosx_10_10_x86_64.whl", hash = "sha256:90b9e29824800e90c84e4022dd5cc16eb2d9605ee13f05d47641eb183cd73d45"},
    {file = "pillow-10.3.0-cp310-cp310-macosx_11_0_arm64.whl", hash = "sha256:a2c405445c79c3f5a124573a051062300936b0281fee57637e706453e452746c"},
    {file = "pillow-10.3.0-cp310-cp310-manylinux_2_17_aarch64.manylinux2014_aarch64.whl", hash = "sha256:78618cdbccaa74d3f88d0ad6cb8ac3007f1a6fa5c6f19af64b55ca170bfa1edf"},
    {file = "pillow-10.3.0-cp310-cp310-manylinux_2_17_x86_64.manylinux2014_x86_64.whl", hash = "sha256:261ddb7ca91fcf71757979534fb4c128448b5b4c55cb6152d280312062f69599"},
    {file = "pillow-10.3.0-cp310-cp310-manylinux_2_28_aarch64.whl", hash = "sha256:ce49c67f4ea0609933d01c0731b34b8695a7a748d6c8d186f95e7d085d2fe475"},
    {file = "pillow-10.3.0-cp310-cp310-manylinux_2_28_x86_64.whl", hash = "sha256:b14f16f94cbc61215115b9b1236f9c18403c15dd3c52cf629072afa9d54c1cbf"},
    {file = "pillow-10.3.0-cp310-cp310-musllinux_1_1_aarch64.whl", hash = "sha256:d33891be6df59d93df4d846640f0e46f1a807339f09e79a8040bc887bdcd7ed3"},
    {file = "pillow-10.3.0-cp310-cp310-musllinux_1_1_x86_64.whl", hash = "sha256:b50811d664d392f02f7761621303eba9d1b056fb1868c8cdf4231279645c25f5"},
    {file = "pillow-10.3.0-cp310-cp310-win32.whl", hash = "sha256:ca2870d5d10d8726a27396d3ca4cf7976cec0f3cb706debe88e3a5bd4610f7d2"},
    {file = "pillow-10.3.0-cp310-cp310-win_amd64.whl", hash = "sha256:f0d0591a0aeaefdaf9a5e545e7485f89910c977087e7de2b6c388aec32011e9f"},
    {file = "pillow-10.3.0-cp310-cp310-win_arm64.whl", hash = "sha256:ccce24b7ad89adb5a1e34a6ba96ac2530046763912806ad4c247356a8f33a67b"},
    {file = "pillow-10.3.0-cp311-cp311-macosx_10_10_x86_64.whl", hash = "sha256:5f77cf66e96ae734717d341c145c5949c63180842a545c47a0ce7ae52ca83795"},
    {file = "pillow-10.3.0-cp311-cp311-macosx_11_0_arm64.whl", hash = "sha256:e4b878386c4bf293578b48fc570b84ecfe477d3b77ba39a6e87150af77f40c57"},
    {file = "pillow-10.3.0-cp311-cp311-manylinux_2_17_aarch64.manylinux2014_aarch64.whl", hash = "sha256:fdcbb4068117dfd9ce0138d068ac512843c52295ed996ae6dd1faf537b6dbc27"},
    {file = "pillow-10.3.0-cp311-cp311-manylinux_2_17_x86_64.manylinux2014_x86_64.whl", hash = "sha256:9797a6c8fe16f25749b371c02e2ade0efb51155e767a971c61734b1bf6293994"},
    {file = "pillow-10.3.0-cp311-cp311-manylinux_2_28_aarch64.whl", hash = "sha256:9e91179a242bbc99be65e139e30690e081fe6cb91a8e77faf4c409653de39451"},
    {file = "pillow-10.3.0-cp311-cp311-manylinux_2_28_x86_64.whl", hash = "sha256:1b87bd9d81d179bd8ab871603bd80d8645729939f90b71e62914e816a76fc6bd"},
    {file = "pillow-10.3.0-cp311-cp311-musllinux_1_1_aarch64.whl", hash = "sha256:81d09caa7b27ef4e61cb7d8fbf1714f5aec1c6b6c5270ee53504981e6e9121ad"},
    {file = "pillow-10.3.0-cp311-cp311-musllinux_1_1_x86_64.whl", hash = "sha256:048ad577748b9fa4a99a0548c64f2cb8d672d5bf2e643a739ac8faff1164238c"},
    {file = "pillow-10.3.0-cp311-cp311-win32.whl", hash = "sha256:7161ec49ef0800947dc5570f86568a7bb36fa97dd09e9827dc02b718c5643f09"},
    {file = "pillow-10.3.0-cp311-cp311-win_amd64.whl", hash = "sha256:8eb0908e954d093b02a543dc963984d6e99ad2b5e36503d8a0aaf040505f747d"},
    {file = "pillow-10.3.0-cp311-cp311-win_arm64.whl", hash = "sha256:4e6f7d1c414191c1199f8996d3f2282b9ebea0945693fb67392c75a3a320941f"},
    {file = "pillow-10.3.0-cp312-cp312-macosx_10_10_x86_64.whl", hash = "sha256:e46f38133e5a060d46bd630faa4d9fa0202377495df1f068a8299fd78c84de84"},
    {file = "pillow-10.3.0-cp312-cp312-macosx_11_0_arm64.whl", hash = "sha256:50b8eae8f7334ec826d6eeffaeeb00e36b5e24aa0b9df322c247539714c6df19"},
    {file = "pillow-10.3.0-cp312-cp312-manylinux_2_17_aarch64.manylinux2014_aarch64.whl", hash = "sha256:9d3bea1c75f8c53ee4d505c3e67d8c158ad4df0d83170605b50b64025917f338"},
    {file = "pillow-10.3.0-cp312-cp312-manylinux_2_17_x86_64.manylinux2014_x86_64.whl", hash = "sha256:19aeb96d43902f0a783946a0a87dbdad5c84c936025b8419da0a0cd7724356b1"},
    {file = "pillow-10.3.0-cp312-cp312-manylinux_2_28_aarch64.whl", hash = "sha256:74d28c17412d9caa1066f7a31df8403ec23d5268ba46cd0ad2c50fb82ae40462"},
    {file = "pillow-10.3.0-cp312-cp312-manylinux_2_28_x86_64.whl", hash = "sha256:ff61bfd9253c3915e6d41c651d5f962da23eda633cf02262990094a18a55371a"},
    {file = "pillow-10.3.0-cp312-cp312-musllinux_1_1_aarch64.whl", hash = "sha256:d886f5d353333b4771d21267c7ecc75b710f1a73d72d03ca06df49b09015a9ef"},
    {file = "pillow-10.3.0-cp312-cp312-musllinux_1_1_x86_64.whl", hash = "sha256:4b5ec25d8b17217d635f8935dbc1b9aa5907962fae29dff220f2659487891cd3"},
    {file = "pillow-10.3.0-cp312-cp312-win32.whl", hash = "sha256:51243f1ed5161b9945011a7360e997729776f6e5d7005ba0c6879267d4c5139d"},
    {file = "pillow-10.3.0-cp312-cp312-win_amd64.whl", hash = "sha256:412444afb8c4c7a6cc11a47dade32982439925537e483be7c0ae0cf96c4f6a0b"},
    {file = "pillow-10.3.0-cp312-cp312-win_arm64.whl", hash = "sha256:798232c92e7665fe82ac085f9d8e8ca98826f8e27859d9a96b41d519ecd2e49a"},
    {file = "pillow-10.3.0-cp38-cp38-macosx_10_10_x86_64.whl", hash = "sha256:4eaa22f0d22b1a7e93ff0a596d57fdede2e550aecffb5a1ef1106aaece48e96b"},
    {file = "pillow-10.3.0-cp38-cp38-macosx_11_0_arm64.whl", hash = "sha256:cd5e14fbf22a87321b24c88669aad3a51ec052eb145315b3da3b7e3cc105b9a2"},
    {file = "pillow-10.3.0-cp38-cp38-manylinux_2_17_aarch64.manylinux2014_aarch64.whl", hash = "sha256:1530e8f3a4b965eb6a7785cf17a426c779333eb62c9a7d1bbcf3ffd5bf77a4aa"},
    {file = "pillow-10.3.0-cp38-cp38-manylinux_2_17_x86_64.manylinux2014_x86_64.whl", hash = "sha256:5d512aafa1d32efa014fa041d38868fda85028e3f930a96f85d49c7d8ddc0383"},
    {file = "pillow-10.3.0-cp38-cp38-manylinux_2_28_aarch64.whl", hash = "sha256:339894035d0ede518b16073bdc2feef4c991ee991a29774b33e515f1d308e08d"},
    {file = "pillow-10.3.0-cp38-cp38-manylinux_2_28_x86_64.whl", hash = "sha256:aa7e402ce11f0885305bfb6afb3434b3cd8f53b563ac065452d9d5654c7b86fd"},
    {file = "pillow-10.3.0-cp38-cp38-musllinux_1_1_aarch64.whl", hash = "sha256:0ea2a783a2bdf2a561808fe4a7a12e9aa3799b701ba305de596bc48b8bdfce9d"},
    {file = "pillow-10.3.0-cp38-cp38-musllinux_1_1_x86_64.whl", hash = "sha256:c78e1b00a87ce43bb37642c0812315b411e856a905d58d597750eb79802aaaa3"},
    {file = "pillow-10.3.0-cp38-cp38-win32.whl", hash = "sha256:72d622d262e463dfb7595202d229f5f3ab4b852289a1cd09650362db23b9eb0b"},
    {file = "pillow-10.3.0-cp38-cp38-win_amd64.whl", hash = "sha256:2034f6759a722da3a3dbd91a81148cf884e91d1b747992ca288ab88c1de15999"},
    {file = "pillow-10.3.0-cp39-cp39-macosx_10_10_x86_64.whl", hash = "sha256:2ed854e716a89b1afcedea551cd85f2eb2a807613752ab997b9974aaa0d56936"},
    {file = "pillow-10.3.0-cp39-cp39-macosx_11_0_arm64.whl", hash = "sha256:dc1a390a82755a8c26c9964d457d4c9cbec5405896cba94cf51f36ea0d855002"},
    {file = "pillow-10.3.0-cp39-cp39-manylinux_2_17_aarch64.manylinux2014_aarch64.whl", hash = "sha256:4203efca580f0dd6f882ca211f923168548f7ba334c189e9eab1178ab840bf60"},
    {file = "pillow-10.3.0-cp39-cp39-manylinux_2_17_x86_64.manylinux2014_x86_64.whl", hash = "sha256:3102045a10945173d38336f6e71a8dc71bcaeed55c3123ad4af82c52807b9375"},
    {file = "pillow-10.3.0-cp39-cp39-manylinux_2_28_aarch64.whl", hash = "sha256:6fb1b30043271ec92dc65f6d9f0b7a830c210b8a96423074b15c7bc999975f57"},
    {file = "pillow-10.3.0-cp39-cp39-manylinux_2_28_x86_64.whl", hash = "sha256:1dfc94946bc60ea375cc39cff0b8da6c7e5f8fcdc1d946beb8da5c216156ddd8"},
    {file = "pillow-10.3.0-cp39-cp39-musllinux_1_1_aarch64.whl", hash = "sha256:b09b86b27a064c9624d0a6c54da01c1beaf5b6cadfa609cf63789b1d08a797b9"},
    {file = "pillow-10.3.0-cp39-cp39-musllinux_1_1_x86_64.whl", hash = "sha256:d3b2348a78bc939b4fed6552abfd2e7988e0f81443ef3911a4b8498ca084f6eb"},
    {file = "pillow-10.3.0-cp39-cp39-win32.whl", hash = "sha256:45ebc7b45406febf07fef35d856f0293a92e7417ae7933207e90bf9090b70572"},
    {file = "pillow-10.3.0-cp39-cp39-win_amd64.whl", hash = "sha256:0ba26351b137ca4e0db0342d5d00d2e355eb29372c05afd544ebf47c0956ffeb"},
    {file = "pillow-10.3.0-cp39-cp39-win_arm64.whl", hash = "sha256:50fd3f6b26e3441ae07b7c979309638b72abc1a25da31a81a7fbd9495713ef4f"},
    {file = "pillow-10.3.0-pp310-pypy310_pp73-macosx_10_10_x86_64.whl", hash = "sha256:6b02471b72526ab8a18c39cb7967b72d194ec53c1fd0a70b050565a0f366d355"},
    {file = "pillow-10.3.0-pp310-pypy310_pp73-macosx_11_0_arm64.whl", hash = "sha256:8ab74c06ffdab957d7670c2a5a6e1a70181cd10b727cd788c4dd9005b6a8acd9"},
    {file = "pillow-10.3.0-pp310-pypy310_pp73-manylinux_2_17_aarch64.manylinux2014_aarch64.whl", hash = "sha256:048eeade4c33fdf7e08da40ef402e748df113fd0b4584e32c4af74fe78baaeb2"},
    {file = "pillow-10.3.0-pp310-pypy310_pp73-manylinux_2_17_x86_64.manylinux2014_x86_64.whl", hash = "sha256:9e2ec1e921fd07c7cda7962bad283acc2f2a9ccc1b971ee4b216b75fad6f0463"},
    {file = "pillow-10.3.0-pp310-pypy310_pp73-manylinux_2_28_aarch64.whl", hash = "sha256:4c8e73e99da7db1b4cad7f8d682cf6abad7844da39834c288fbfa394a47bbced"},
    {file = "pillow-10.3.0-pp310-pypy310_pp73-manylinux_2_28_x86_64.whl", hash = "sha256:16563993329b79513f59142a6b02055e10514c1a8e86dca8b48a893e33cf91e3"},
    {file = "pillow-10.3.0-pp310-pypy310_pp73-win_amd64.whl", hash = "sha256:dd78700f5788ae180b5ee8902c6aea5a5726bac7c364b202b4b3e3ba2d293170"},
    {file = "pillow-10.3.0-pp39-pypy39_pp73-macosx_10_10_x86_64.whl", hash = "sha256:aff76a55a8aa8364d25400a210a65ff59d0168e0b4285ba6bf2bd83cf675ba32"},
    {file = "pillow-10.3.0-pp39-pypy39_pp73-macosx_11_0_arm64.whl", hash = "sha256:b7bc2176354defba3edc2b9a777744462da2f8e921fbaf61e52acb95bafa9828"},
    {file = "pillow-10.3.0-pp39-pypy39_pp73-manylinux_2_17_aarch64.manylinux2014_aarch64.whl", hash = "sha256:793b4e24db2e8742ca6423d3fde8396db336698c55cd34b660663ee9e45ed37f"},
    {file = "pillow-10.3.0-pp39-pypy39_pp73-manylinux_2_17_x86_64.manylinux2014_x86_64.whl", hash = "sha256:d93480005693d247f8346bc8ee28c72a2191bdf1f6b5db469c096c0c867ac015"},
    {file = "pillow-10.3.0-pp39-pypy39_pp73-manylinux_2_28_aarch64.whl", hash = "sha256:c83341b89884e2b2e55886e8fbbf37c3fa5efd6c8907124aeb72f285ae5696e5"},
    {file = "pillow-10.3.0-pp39-pypy39_pp73-manylinux_2_28_x86_64.whl", hash = "sha256:1a1d1915db1a4fdb2754b9de292642a39a7fb28f1736699527bb649484fb966a"},
    {file = "pillow-10.3.0-pp39-pypy39_pp73-win_amd64.whl", hash = "sha256:a0eaa93d054751ee9964afa21c06247779b90440ca41d184aeb5d410f20ff591"},
    {file = "pillow-10.3.0.tar.gz", hash = "sha256:9d2455fbf44c914840c793e89aa82d0e1763a14253a000743719ae5946814b2d"},
]

[package.extras]
docs = ["furo", "olefile", "sphinx (>=2.4)", "sphinx-copybutton", "sphinx-inline-tabs", "sphinx-removed-in", "sphinxext-opengraph"]
fpx = ["olefile"]
mic = ["olefile"]
tests = ["check-manifest", "coverage", "defusedxml", "markdown2", "olefile", "packaging", "pyroma", "pytest", "pytest-cov", "pytest-timeout"]
typing = ["typing-extensions"]
xmp = ["defusedxml"]

[[package]]
name = "pillow-heif"
version = "0.16.0"
description = "Python interface for libheif library"
category = "main"
optional = false
python-versions = ">=3.8"
files = [
    {file = "pillow_heif-0.16.0-cp310-cp310-macosx_10_10_x86_64.whl", hash = "sha256:c7db96ac172e2654676986e8c35fa32bffdd5b429a8c86b9d628c0333c570d82"},
    {file = "pillow_heif-0.16.0-cp310-cp310-macosx_12_0_arm64.whl", hash = "sha256:a146be0c8e7bef204eeaa14799b2fca8a4a52ad972850975e23ef10cee4e7de7"},
    {file = "pillow_heif-0.16.0-cp310-cp310-manylinux_2_17_aarch64.manylinux2014_aarch64.whl", hash = "sha256:33e0b1549bcdfec363b3ba6fb55b3de882e1409b5b00f5a68a1a027f051e8ef2"},
    {file = "pillow_heif-0.16.0-cp310-cp310-manylinux_2_17_x86_64.manylinux2014_x86_64.whl", hash = "sha256:fea4410ce02e295079db5b2617579ba016671d334ac1888a1d4b34aedb56b866"},
    {file = "pillow_heif-0.16.0-cp310-cp310-musllinux_1_2_aarch64.whl", hash = "sha256:331579ce4f5fa079595c529b06810886ff76f8ade3eb411a1c9c90853a708022"},
    {file = "pillow_heif-0.16.0-cp310-cp310-musllinux_1_2_x86_64.whl", hash = "sha256:792e5d88b7d016fe48ae2fd77a852ec8dcf9a7fad1f7f191d35bc173896fe378"},
    {file = "pillow_heif-0.16.0-cp310-cp310-win_amd64.whl", hash = "sha256:e0492e4fd6d3334b9eed3651058216ef62f04afa099cfc6b05815c1bf0da2c38"},
    {file = "pillow_heif-0.16.0-cp311-cp311-macosx_10_10_x86_64.whl", hash = "sha256:beb6576cbe5a9404a8f2ad9ec68f6b0c406e5e9f5d5573722dc3244898dc9866"},
    {file = "pillow_heif-0.16.0-cp311-cp311-macosx_12_0_arm64.whl", hash = "sha256:241cf6c510215c6df0ee948dfed06a20c099475250c5c6cac5e7a1ef9e0ec4c3"},
    {file = "pillow_heif-0.16.0-cp311-cp311-manylinux_2_17_aarch64.manylinux2014_aarch64.whl", hash = "sha256:28c980bf8d5239ee87986c9217a5954b07993d71d391949a9feafad0a9c5e9a7"},
    {file = "pillow_heif-0.16.0-cp311-cp311-manylinux_2_17_x86_64.manylinux2014_x86_64.whl", hash = "sha256:a8856cf5f0d53f83d814ae5c8d34433e5e5ad9f3e328480257cd6e9fbdb4a458"},
    {file = "pillow_heif-0.16.0-cp311-cp311-musllinux_1_2_aarch64.whl", hash = "sha256:fba5c46f84031f1186bdea2a0c95f82958f8c29321200e73d7ac5e79ee460c83"},
    {file = "pillow_heif-0.16.0-cp311-cp311-musllinux_1_2_x86_64.whl", hash = "sha256:5c7f7a94fc2d08ddcf55a6834c4c55b7dea9605656c565ce11c82e3f6e0454a8"},
    {file = "pillow_heif-0.16.0-cp311-cp311-win_amd64.whl", hash = "sha256:3a2681d4b62418813289987a9420059d724cd93542d0b05e0928fe4578517714"},
    {file = "pillow_heif-0.16.0-cp312-cp312-macosx_10_10_x86_64.whl", hash = "sha256:7e424d6a34b9466d054706393e76b5abdd84fabdc0c72b19ca10435a76140de7"},
    {file = "pillow_heif-0.16.0-cp312-cp312-macosx_12_0_arm64.whl", hash = "sha256:be41b7fadd4a9355d24936f6fad83bb8130fe55ba228ec298ad316392bb6f38b"},
    {file = "pillow_heif-0.16.0-cp312-cp312-manylinux_2_17_aarch64.manylinux2014_aarch64.whl", hash = "sha256:078bc74fd767625e465b2c107228f9c398b9a128bdf81b3f18812d7c07be660f"},
    {file = "pillow_heif-0.16.0-cp312-cp312-manylinux_2_17_x86_64.manylinux2014_x86_64.whl", hash = "sha256:1f4293ecbb81d255d8d887dce4708a58e87c86e53c6f1b1affc4c3105e1bcb8c"},
    {file = "pillow_heif-0.16.0-cp312-cp312-musllinux_1_2_aarch64.whl", hash = "sha256:f63a1d8f95811569df5df9b6b11674038929c2f696221f2a393aee5ac1e535b4"},
    {file = "pillow_heif-0.16.0-cp312-cp312-musllinux_1_2_x86_64.whl", hash = "sha256:89ec30420ddc843c43916febbe31697552ed123396a1696715eea75169866c07"},
    {file = "pillow_heif-0.16.0-cp312-cp312-win_amd64.whl", hash = "sha256:d4595ec975db845d84ab90cbf0678f15b0068b8b83c01d1db7ea524e31bab4b4"},
    {file = "pillow_heif-0.16.0-cp38-cp38-macosx_10_10_x86_64.whl", hash = "sha256:1421d96aebdc9f5773213c8221ce547efb56e37a62da6698312edd4f281efb42"},
    {file = "pillow_heif-0.16.0-cp38-cp38-macosx_12_0_arm64.whl", hash = "sha256:88ff22d2b162e7edd9cb9dd98de81455be04c40a99d1d3d3ebe1602b1a21c453"},
    {file = "pillow_heif-0.16.0-cp38-cp38-manylinux_2_17_aarch64.manylinux2014_aarch64.whl", hash = "sha256:fb3efbe8efd26203589794988b11ea9bf3dea2d3bcf218e658f779d526dfcf80"},
    {file = "pillow_heif-0.16.0-cp38-cp38-manylinux_2_17_x86_64.manylinux2014_x86_64.whl", hash = "sha256:3f062c1be6f04804ffdf0bc452142eff38d7544c8655c04291d16e3b996e4dc4"},
    {file = "pillow_heif-0.16.0-cp38-cp38-musllinux_1_2_aarch64.whl", hash = "sha256:7fabd6534a38078a66ce8b7a5ae8ad37afd9863c930abd3031fb553f1ab4f01a"},
    {file = "pillow_heif-0.16.0-cp38-cp38-musllinux_1_2_x86_64.whl", hash = "sha256:d9e465d92cf01093e3e4c33776af97368add23ac1c8d0007f34b8d3e3390d6ad"},
    {file = "pillow_heif-0.16.0-cp38-cp38-win_amd64.whl", hash = "sha256:502cebc90c11a6bffa2ea899088999c25fc99c8f322e047a266e541e3046b27c"},
    {file = "pillow_heif-0.16.0-cp39-cp39-macosx_10_10_x86_64.whl", hash = "sha256:c2ad68e3e4be40adfc5290bf6daa1569dd7d18501e17779d217ce5cd8c1e338d"},
    {file = "pillow_heif-0.16.0-cp39-cp39-macosx_12_0_arm64.whl", hash = "sha256:8e168d45b2ce63c1fe2334fd02927699b0097de72605f7571948010fd79e58f0"},
    {file = "pillow_heif-0.16.0-cp39-cp39-manylinux_2_17_aarch64.manylinux2014_aarch64.whl", hash = "sha256:9bf10a1686c2d51f4db8ebb78825f96f28d18d1878599e1c64e88cfbdb70a3d2"},
    {file = "pillow_heif-0.16.0-cp39-cp39-manylinux_2_17_x86_64.manylinux2014_x86_64.whl", hash = "sha256:8f15dc73ced02a0ccfac93159d12deeaecfbe4335883a1a3309df0f01c26e6e6"},
    {file = "pillow_heif-0.16.0-cp39-cp39-musllinux_1_2_aarch64.whl", hash = "sha256:2673048f3cf1498327add70f16e1129be2a09cf4a31cbc02363f5760eb5ba955"},
    {file = "pillow_heif-0.16.0-cp39-cp39-musllinux_1_2_x86_64.whl", hash = "sha256:9273af7224e0fb16c18637184a8ea9a8790105658daab04ad541982b8623e5c1"},
    {file = "pillow_heif-0.16.0-cp39-cp39-win_amd64.whl", hash = "sha256:f613dfd05fd62a8b7b57649bfa5db1501be41e18b5e15dd4a2fc12d3e3ddfdaa"},
    {file = "pillow_heif-0.16.0-pp310-pypy310_pp73-macosx_10_10_x86_64.whl", hash = "sha256:3501f22985cbb427c76febf07a7e309cb828e485c0cf250a625733fc06fc1815"},
    {file = "pillow_heif-0.16.0-pp310-pypy310_pp73-macosx_12_0_arm64.whl", hash = "sha256:2b7450303f08ec81d1a63a75052863bb687fc3be1fdd8a34d2c0fef627aacae5"},
    {file = "pillow_heif-0.16.0-pp310-pypy310_pp73-manylinux_2_17_aarch64.manylinux2014_aarch64.whl", hash = "sha256:7794c1a8304eeb841d72cb73aa64cc60c9e5dccb2c7612f8caf528505f78581f"},
    {file = "pillow_heif-0.16.0-pp310-pypy310_pp73-manylinux_2_17_x86_64.manylinux2014_x86_64.whl", hash = "sha256:e5edd98192f74e4c7cffdd62953b2987e2b1e0d6a55d5c940306bed71f40206a"},
    {file = "pillow_heif-0.16.0-pp310-pypy310_pp73-win_amd64.whl", hash = "sha256:38fa2854ec7dbe6c875d64cc5b3cf5cc55f1c8a0248dc1c7c34e9d2505521b82"},
    {file = "pillow_heif-0.16.0-pp38-pypy38_pp73-macosx_10_10_x86_64.whl", hash = "sha256:b50160331754b603524e6ed33c386f478fd66fb345fa6433a507a01c8de642c6"},
    {file = "pillow_heif-0.16.0-pp38-pypy38_pp73-macosx_12_0_arm64.whl", hash = "sha256:9fd829c257a763e3a2e8418a773c2808c90799ee3e6b405b5399cb4fdfbe336e"},
    {file = "pillow_heif-0.16.0-pp38-pypy38_pp73-manylinux_2_17_aarch64.manylinux2014_aarch64.whl", hash = "sha256:bbd9cc527bbd53c3e7588e16aad170e11cfd180b7e9bd84f18fb020ddec11408"},
    {file = "pillow_heif-0.16.0-pp38-pypy38_pp73-manylinux_2_17_x86_64.manylinux2014_x86_64.whl", hash = "sha256:a27abb523a07b17c118c09f1a00f92cde2295f8e997600024d4b57df3c5ba818"},
    {file = "pillow_heif-0.16.0-pp38-pypy38_pp73-win_amd64.whl", hash = "sha256:0075adeb324adb07ddbfbe8a5c79ed12e5d04e60e9a642ff9427e71b5b0adccd"},
    {file = "pillow_heif-0.16.0-pp39-pypy39_pp73-macosx_10_10_x86_64.whl", hash = "sha256:40014105688478d6ca146fc04bff6c13f445d01bdea79417b34ee50c1e559190"},
    {file = "pillow_heif-0.16.0-pp39-pypy39_pp73-macosx_12_0_arm64.whl", hash = "sha256:7ef47297d526147923f4ecc7ff681a5d5f4e6e3300017681f59968652a0d8afb"},
    {file = "pillow_heif-0.16.0-pp39-pypy39_pp73-manylinux_2_17_aarch64.manylinux2014_aarch64.whl", hash = "sha256:9923dfcc97ae9484d3514f2f6ec368e2ac97cd66f7b95359cc1b0ec0c1cd6157"},
    {file = "pillow_heif-0.16.0-pp39-pypy39_pp73-manylinux_2_17_x86_64.manylinux2014_x86_64.whl", hash = "sha256:17963a73186961fe7792aef01c46e980635f3fcc1836393de39ec9c6776ca51e"},
    {file = "pillow_heif-0.16.0-pp39-pypy39_pp73-win_amd64.whl", hash = "sha256:4b6caa5b13b4dfc180507527254014530f6bedbeabc1de2238918bf5b2700c7e"},
    {file = "pillow_heif-0.16.0.tar.gz", hash = "sha256:4d95004bb77aa640f80617716aa21bc092ec06307f6f2ad423deeeda07b4d29c"},
]

[package.dependencies]
pillow = ">=9.5.0"

[package.extras]
dev = ["coverage", "defusedxml", "numpy", "opencv-python (==4.9.0.80)", "packaging", "pre-commit", "pylint", "pympler", "pytest"]
docs = ["sphinx (>=4.4)", "sphinx-issues (>=3.0.1)", "sphinx-rtd-theme (>=1.0)"]
tests = ["defusedxml", "numpy", "packaging", "pympler", "pytest"]
tests-min = ["defusedxml", "packaging", "pytest"]

[[package]]
name = "pyright"
version = "1.1.361"
description = "Command line wrapper for pyright"
category = "dev"
optional = false
python-versions = ">=3.7"
files = [
    {file = "pyright-1.1.361-py3-none-any.whl", hash = "sha256:c50fc94ce92b5c958cfccbbe34142e7411d474da43d6c14a958667e35b9df7ea"},
    {file = "pyright-1.1.361.tar.gz", hash = "sha256:1d67933315666b05d230c85ea8fb97aaa2056e4092a13df87b7765bb9e8f1a8d"},
]

[package.dependencies]
nodeenv = ">=1.6.0"

[package.extras]
all = ["twine (>=3.4.1)"]
dev = ["twine (>=3.4.1)"]

[[package]]
name = "pyyaml"
version = "6.0.1"
description = "YAML parser and emitter for Python"
category = "main"
optional = false
python-versions = ">=3.6"
files = [
    {file = "PyYAML-6.0.1-cp310-cp310-macosx_10_9_x86_64.whl", hash = "sha256:d858aa552c999bc8a8d57426ed01e40bef403cd8ccdd0fc5f6f04a00414cac2a"},
    {file = "PyYAML-6.0.1-cp310-cp310-macosx_11_0_arm64.whl", hash = "sha256:fd66fc5d0da6d9815ba2cebeb4205f95818ff4b79c3ebe268e75d961704af52f"},
    {file = "PyYAML-6.0.1-cp310-cp310-manylinux_2_17_aarch64.manylinux2014_aarch64.whl", hash = "sha256:69b023b2b4daa7548bcfbd4aa3da05b3a74b772db9e23b982788168117739938"},
    {file = "PyYAML-6.0.1-cp310-cp310-manylinux_2_17_s390x.manylinux2014_s390x.whl", hash = "sha256:81e0b275a9ecc9c0c0c07b4b90ba548307583c125f54d5b6946cfee6360c733d"},
    {file = "PyYAML-6.0.1-cp310-cp310-manylinux_2_17_x86_64.manylinux2014_x86_64.whl", hash = "sha256:ba336e390cd8e4d1739f42dfe9bb83a3cc2e80f567d8805e11b46f4a943f5515"},
    {file = "PyYAML-6.0.1-cp310-cp310-win32.whl", hash = "sha256:bd4af7373a854424dabd882decdc5579653d7868b8fb26dc7d0e99f823aa5924"},
    {file = "PyYAML-6.0.1-cp310-cp310-win_amd64.whl", hash = "sha256:fd1592b3fdf65fff2ad0004b5e363300ef59ced41c2e6b3a99d4089fa8c5435d"},
    {file = "PyYAML-6.0.1-cp311-cp311-macosx_10_9_x86_64.whl", hash = "sha256:6965a7bc3cf88e5a1c3bd2e0b5c22f8d677dc88a455344035f03399034eb3007"},
    {file = "PyYAML-6.0.1-cp311-cp311-macosx_11_0_arm64.whl", hash = "sha256:f003ed9ad21d6a4713f0a9b5a7a0a79e08dd0f221aff4525a2be4c346ee60aab"},
    {file = "PyYAML-6.0.1-cp311-cp311-manylinux_2_17_aarch64.manylinux2014_aarch64.whl", hash = "sha256:42f8152b8dbc4fe7d96729ec2b99c7097d656dc1213a3229ca5383f973a5ed6d"},
    {file = "PyYAML-6.0.1-cp311-cp311-manylinux_2_17_s390x.manylinux2014_s390x.whl", hash = "sha256:062582fca9fabdd2c8b54a3ef1c978d786e0f6b3a1510e0ac93ef59e0ddae2bc"},
    {file = "PyYAML-6.0.1-cp311-cp311-manylinux_2_17_x86_64.manylinux2014_x86_64.whl", hash = "sha256:d2b04aac4d386b172d5b9692e2d2da8de7bfb6c387fa4f801fbf6fb2e6ba4673"},
    {file = "PyYAML-6.0.1-cp311-cp311-win32.whl", hash = "sha256:1635fd110e8d85d55237ab316b5b011de701ea0f29d07611174a1b42f1444741"},
    {file = "PyYAML-6.0.1-cp311-cp311-win_amd64.whl", hash = "sha256:bf07ee2fef7014951eeb99f56f39c9bb4af143d8aa3c21b1677805985307da34"},
    {file = "PyYAML-6.0.1-cp36-cp36m-macosx_10_9_x86_64.whl", hash = "sha256:50550eb667afee136e9a77d6dc71ae76a44df8b3e51e41b77f6de2932bfe0f47"},
    {file = "PyYAML-6.0.1-cp36-cp36m-manylinux_2_17_aarch64.manylinux2014_aarch64.whl", hash = "sha256:1fe35611261b29bd1de0070f0b2f47cb6ff71fa6595c077e42bd0c419fa27b98"},
    {file = "PyYAML-6.0.1-cp36-cp36m-manylinux_2_17_s390x.manylinux2014_s390x.whl", hash = "sha256:704219a11b772aea0d8ecd7058d0082713c3562b4e271b849ad7dc4a5c90c13c"},
    {file = "PyYAML-6.0.1-cp36-cp36m-manylinux_2_17_x86_64.manylinux2014_x86_64.whl", hash = "sha256:afd7e57eddb1a54f0f1a974bc4391af8bcce0b444685d936840f125cf046d5bd"},
    {file = "PyYAML-6.0.1-cp36-cp36m-win32.whl", hash = "sha256:fca0e3a251908a499833aa292323f32437106001d436eca0e6e7833256674585"},
    {file = "PyYAML-6.0.1-cp36-cp36m-win_amd64.whl", hash = "sha256:f22ac1c3cac4dbc50079e965eba2c1058622631e526bd9afd45fedd49ba781fa"},
    {file = "PyYAML-6.0.1-cp37-cp37m-macosx_10_9_x86_64.whl", hash = "sha256:b1275ad35a5d18c62a7220633c913e1b42d44b46ee12554e5fd39c70a243d6a3"},
    {file = "PyYAML-6.0.1-cp37-cp37m-manylinux_2_17_aarch64.manylinux2014_aarch64.whl", hash = "sha256:18aeb1bf9a78867dc38b259769503436b7c72f7a1f1f4c93ff9a17de54319b27"},
    {file = "PyYAML-6.0.1-cp37-cp37m-manylinux_2_17_s390x.manylinux2014_s390x.whl", hash = "sha256:596106435fa6ad000c2991a98fa58eeb8656ef2325d7e158344fb33864ed87e3"},
    {file = "PyYAML-6.0.1-cp37-cp37m-manylinux_2_17_x86_64.manylinux2014_x86_64.whl", hash = "sha256:baa90d3f661d43131ca170712d903e6295d1f7a0f595074f151c0aed377c9b9c"},
    {file = "PyYAML-6.0.1-cp37-cp37m-win32.whl", hash = "sha256:9046c58c4395dff28dd494285c82ba00b546adfc7ef001486fbf0324bc174fba"},
    {file = "PyYAML-6.0.1-cp37-cp37m-win_amd64.whl", hash = "sha256:4fb147e7a67ef577a588a0e2c17b6db51dda102c71de36f8549b6816a96e1867"},
    {file = "PyYAML-6.0.1-cp38-cp38-macosx_10_9_x86_64.whl", hash = "sha256:1d4c7e777c441b20e32f52bd377e0c409713e8bb1386e1099c2415f26e479595"},
    {file = "PyYAML-6.0.1-cp38-cp38-manylinux_2_17_aarch64.manylinux2014_aarch64.whl", hash = "sha256:a0cd17c15d3bb3fa06978b4e8958dcdc6e0174ccea823003a106c7d4d7899ac5"},
    {file = "PyYAML-6.0.1-cp38-cp38-manylinux_2_17_s390x.manylinux2014_s390x.whl", hash = "sha256:28c119d996beec18c05208a8bd78cbe4007878c6dd15091efb73a30e90539696"},
    {file = "PyYAML-6.0.1-cp38-cp38-manylinux_2_17_x86_64.manylinux2014_x86_64.whl", hash = "sha256:7e07cbde391ba96ab58e532ff4803f79c4129397514e1413a7dc761ccd755735"},
    {file = "PyYAML-6.0.1-cp38-cp38-win32.whl", hash = "sha256:184c5108a2aca3c5b3d3bf9395d50893a7ab82a38004c8f61c258d4428e80206"},
    {file = "PyYAML-6.0.1-cp38-cp38-win_amd64.whl", hash = "sha256:1e2722cc9fbb45d9b87631ac70924c11d3a401b2d7f410cc0e3bbf249f2dca62"},
    {file = "PyYAML-6.0.1-cp39-cp39-macosx_10_9_x86_64.whl", hash = "sha256:9eb6caa9a297fc2c2fb8862bc5370d0303ddba53ba97e71f08023b6cd73d16a8"},
    {file = "PyYAML-6.0.1-cp39-cp39-macosx_11_0_arm64.whl", hash = "sha256:c8098ddcc2a85b61647b2590f825f3db38891662cfc2fc776415143f599bb859"},
    {file = "PyYAML-6.0.1-cp39-cp39-manylinux_2_17_aarch64.manylinux2014_aarch64.whl", hash = "sha256:5773183b6446b2c99bb77e77595dd486303b4faab2b086e7b17bc6bef28865f6"},
    {file = "PyYAML-6.0.1-cp39-cp39-manylinux_2_17_s390x.manylinux2014_s390x.whl", hash = "sha256:b786eecbdf8499b9ca1d697215862083bd6d2a99965554781d0d8d1ad31e13a0"},
    {file = "PyYAML-6.0.1-cp39-cp39-manylinux_2_17_x86_64.manylinux2014_x86_64.whl", hash = "sha256:bc1bf2925a1ecd43da378f4db9e4f799775d6367bdb94671027b73b393a7c42c"},
    {file = "PyYAML-6.0.1-cp39-cp39-win32.whl", hash = "sha256:faca3bdcf85b2fc05d06ff3fbc1f83e1391b3e724afa3feba7d13eeab355484c"},
    {file = "PyYAML-6.0.1-cp39-cp39-win_amd64.whl", hash = "sha256:510c9deebc5c0225e8c96813043e62b680ba2f9c50a08d3724c7f28a747d1486"},
    {file = "PyYAML-6.0.1.tar.gz", hash = "sha256:bfdf460b1736c775f2ba9f6a92bca30bc2095067b8a9d77876d1fad6cc3b4a43"},
]

[[package]]
name = "ruff"
version = "0.4.2"
description = "An extremely fast Python linter and code formatter, written in Rust."
category = "dev"
optional = false
python-versions = ">=3.7"
files = [
    {file = "ruff-0.4.2-py3-none-macosx_10_12_x86_64.macosx_11_0_arm64.macosx_10_12_universal2.whl", hash = "sha256:8d14dc8953f8af7e003a485ef560bbefa5f8cc1ad994eebb5b12136049bbccc5"},
    {file = "ruff-0.4.2-py3-none-macosx_10_12_x86_64.whl", hash = "sha256:24016ed18db3dc9786af103ff49c03bdf408ea253f3cb9e3638f39ac9cf2d483"},
    {file = "ruff-0.4.2-py3-none-manylinux_2_17_aarch64.manylinux2014_aarch64.whl", hash = "sha256:0e2e06459042ac841ed510196c350ba35a9b24a643e23db60d79b2db92af0c2b"},
    {file = "ruff-0.4.2-py3-none-manylinux_2_17_armv7l.manylinux2014_armv7l.whl", hash = "sha256:3afabaf7ba8e9c485a14ad8f4122feff6b2b93cc53cd4dad2fd24ae35112d5c5"},
    {file = "ruff-0.4.2-py3-none-manylinux_2_17_i686.manylinux2014_i686.whl", hash = "sha256:799eb468ea6bc54b95527143a4ceaf970d5aa3613050c6cff54c85fda3fde480"},
    {file = "ruff-0.4.2-py3-none-manylinux_2_17_ppc64.manylinux2014_ppc64.whl", hash = "sha256:ec4ba9436a51527fb6931a8839af4c36a5481f8c19e8f5e42c2f7ad3a49f5069"},
    {file = "ruff-0.4.2-py3-none-manylinux_2_17_ppc64le.manylinux2014_ppc64le.whl", hash = "sha256:6a2243f8f434e487c2a010c7252150b1fdf019035130f41b77626f5655c9ca22"},
    {file = "ruff-0.4.2-py3-none-manylinux_2_17_s390x.manylinux2014_s390x.whl", hash = "sha256:8772130a063f3eebdf7095da00c0b9898bd1774c43b336272c3e98667d4fb8fa"},
    {file = "ruff-0.4.2-py3-none-manylinux_2_17_x86_64.manylinux2014_x86_64.whl", hash = "sha256:6ab165ef5d72392b4ebb85a8b0fbd321f69832a632e07a74794c0e598e7a8376"},
    {file = "ruff-0.4.2-py3-none-musllinux_1_2_aarch64.whl", hash = "sha256:1f32cadf44c2020e75e0c56c3408ed1d32c024766bd41aedef92aa3ca28eef68"},
    {file = "ruff-0.4.2-py3-none-musllinux_1_2_armv7l.whl", hash = "sha256:22e306bf15e09af45ca812bc42fa59b628646fa7c26072555f278994890bc7ac"},
    {file = "ruff-0.4.2-py3-none-musllinux_1_2_i686.whl", hash = "sha256:82986bb77ad83a1719c90b9528a9dd663c9206f7c0ab69282af8223566a0c34e"},
    {file = "ruff-0.4.2-py3-none-musllinux_1_2_x86_64.whl", hash = "sha256:652e4ba553e421a6dc2a6d4868bc3b3881311702633eb3672f9f244ded8908cd"},
    {file = "ruff-0.4.2-py3-none-win32.whl", hash = "sha256:7891ee376770ac094da3ad40c116258a381b86c7352552788377c6eb16d784fe"},
    {file = "ruff-0.4.2-py3-none-win_amd64.whl", hash = "sha256:5ec481661fb2fd88a5d6cf1f83403d388ec90f9daaa36e40e2c003de66751798"},
    {file = "ruff-0.4.2-py3-none-win_arm64.whl", hash = "sha256:cbd1e87c71bca14792948c4ccb51ee61c3296e164019d2d484f3eaa2d360dfaf"},
    {file = "ruff-0.4.2.tar.gz", hash = "sha256:33bcc160aee2520664bc0859cfeaebc84bb7323becff3f303b8f1f2d81cb4edc"},
]

[[package]]
name = "setuptools"
version = "69.5.1"
description = "Easily download, build, install, upgrade, and uninstall Python packages"
category = "dev"
optional = false
python-versions = ">=3.8"
files = [
    {file = "setuptools-69.5.1-py3-none-any.whl", hash = "sha256:c636ac361bc47580504644275c9ad802c50415c7522212252c033bd15f301f32"},
    {file = "setuptools-69.5.1.tar.gz", hash = "sha256:6c1fccdac05a97e598fb0ae3bbed5904ccb317337a51139dcd51453611bbb987"},
]

[package.extras]
docs = ["furo", "jaraco.packaging (>=9.3)", "jaraco.tidelift (>=1.4)", "pygments-github-lexers (==0.0.5)", "rst.linker (>=1.9)", "sphinx (>=3.5)", "sphinx-favicon", "sphinx-inline-tabs", "sphinx-lint", "sphinx-notfound-page (>=1,<2)", "sphinx-reredirects", "sphinxcontrib-towncrier"]
testing = ["build[virtualenv]", "filelock (>=3.4.0)", "importlib-metadata", "ini2toml[lite] (>=0.9)", "jaraco.develop (>=7.21)", "jaraco.envs (>=2.2)", "jaraco.path (>=3.2.0)", "mypy (==1.9)", "packaging (>=23.2)", "pip (>=19.1)", "pytest (>=6,!=8.1.1)", "pytest-checkdocs (>=2.4)", "pytest-cov", "pytest-enabler (>=2.2)", "pytest-home (>=0.5)", "pytest-mypy", "pytest-perf", "pytest-ruff (>=0.2.1)", "pytest-timeout", "pytest-xdist (>=3)", "tomli", "tomli-w (>=1.0.0)", "virtualenv (>=13.0.0)", "wheel"]
testing-integration = ["build[virtualenv] (>=1.0.3)", "filelock (>=3.4.0)", "jaraco.envs (>=2.2)", "jaraco.path (>=3.2.0)", "packaging (>=23.2)", "pytest", "pytest-enabler", "pytest-xdist", "tomli", "virtualenv (>=13.0.0)", "wheel"]

[metadata]
lock-version = "2.0"
python-versions = "^3.11"
content-hash = "84d3c190b7b2e242bfe262c6a7046a750c7d1076b73420e6e68bdbe081fb029b"
